
Microsoft Visual Studio Solution File, Format Version 12.00
# Visual Studio Version 17
VisualStudioVersion = 17.8.34330.188
MinimumVisualStudioVersion = 10.0.40219.1
Project("{9A19103F-16F7-4668-BE54-9A1E7A4F7556}") = "BikeHubBck", "BikeHubBck\BikeHubBck.csproj", "{AFD475C8-C2A6-414E-849B-CB5B3839CD75}"
EndProject
Project("{FAE04EC0-301F-11D3-BF4B-00C04F79EFBC}") = "BikeHub.Services", "BikeHub.Services\BikeHub.Services.csproj", "{4C1DFB33-9471-4FCE-87B8-F39F366A1DCB}"
EndProject
Project("{FAE04EC0-301F-11D3-BF4B-00C04F79EFBC}") = "BikeHub.Model", "BikeHub.Model\BikeHub.Model.csproj", "{FA8B31DE-EFD3-40B0-8ED3-6A7319CA91B7}"
EndProject
Global
	GlobalSection(SolutionConfigurationPlatforms) = preSolution
		Debug|Any CPU = Debug|Any CPU
		Release|Any CPU = Release|Any CPU
	EndGlobalSection
	GlobalSection(ProjectConfigurationPlatforms) = postSolution
		{AFD475C8-C2A6-414E-849B-CB5B3839CD75}.Debug|Any CPU.ActiveCfg = Debug|Any CPU
		{AFD475C8-C2A6-414E-849B-CB5B3839CD75}.Debug|Any CPU.Build.0 = Debug|Any CPU
		{AFD475C8-C2A6-414E-849B-CB5B3839CD75}.Release|Any CPU.ActiveCfg = Release|Any CPU
		{AFD475C8-C2A6-414E-849B-CB5B3839CD75}.Release|Any CPU.Build.0 = Release|Any CPU
		{4C1DFB33-9471-4FCE-87B8-F39F366A1DCB}.Debug|Any CPU.ActiveCfg = Debug|Any CPU
		{4C1DFB33-9471-4FCE-87B8-F39F366A1DCB}.Debug|Any CPU.Build.0 = Debug|Any CPU
		{4C1DFB33-9471-4FCE-87B8-F39F366A1DCB}.Release|Any CPU.ActiveCfg = Release|Any CPU
		{4C1DFB33-9471-4FCE-87B8-F39F366A1DCB}.Release|Any CPU.Build.0 = Release|Any CPU
		{FA8B31DE-EFD3-40B0-8ED3-6A7319CA91B7}.Debug|Any CPU.ActiveCfg = Debug|Any CPU
		{FA8B31DE-EFD3-40B0-8ED3-6A7319CA91B7}.Debug|Any CPU.Build.0 = Debug|Any CPU
		{FA8B31DE-EFD3-40B0-8ED3-6A7319CA91B7}.Release|Any CPU.ActiveCfg = Release|Any CPU
		{FA8B31DE-EFD3-40B0-8ED3-6A7319CA91B7}.Release|Any CPU.Build.0 = Release|Any CPU
	EndGlobalSection
	GlobalSection(SolutionProperties) = preSolution
		HideSolutionNode = FALSE
	EndGlobalSection
	GlobalSection(ExtensibilityGlobals) = postSolution
		SolutionGuid = {17C58DA9-95A1-4668-AAF7-C98A6976066F}
	EndGlobalSection
EndGlobal
